
Microsoft Visual Studio Solution File, Format Version 12.00
# Visual Studio 2013
VisualStudioVersion = 12.0.21005.1
MinimumVisualStudioVersion = 10.0.40219.1
Project("{2150E333-8FDC-42A3-9474-1A3956D46DE8}") = "1- Infrastructure（基础设施层）", "1- Infrastructure（基础设施层）", "{A245627E-5410-47FD-8825-429D051D5F91}"
EndProject
Project("{2150E333-8FDC-42A3-9474-1A3956D46DE8}") = "2- Core (业务核心层)", "2- Core (业务核心层)", "{A264DBFC-82DA-4E6F-83DE-8CD8862808AF}"
EndProject
Project("{2150E333-8FDC-42A3-9474-1A3956D46DE8}") = "3- Application (站点应用层)", "3- Application (站点应用层)", "{155838B4-4C75-4609-810B-DCC4BBBEB835}"
EndProject
Project("{2150E333-8FDC-42A3-9474-1A3956D46DE8}") = "4- Presentation (展现层)", "4- Presentation (展现层)", "{0FB5C317-97A2-4F36-881A-5631C92B21B9}"
EndProject
Project("{FAE04EC0-301F-11D3-BF4B-00C04F79EFBC}") = "FKS.Component.Data", "Infrastructure\FKS.Component.Data\FKS.Component.Data.csproj", "{01D263C6-97D8-496F-9E95-CA338F597747}"
EndProject
Project("{FAE04EC0-301F-11D3-BF4B-00C04F79EFBC}") = "FKS.Component.Tools", "Infrastructure\FKS.Component.Tools\FKS.Component.Tools.csproj", "{A6DFE374-FD47-482A-B733-852C6D840D34}"
EndProject
Project("{FAE04EC0-301F-11D3-BF4B-00C04F79EFBC}") = "FKS.Core.Models", "Core\FKS.Core.Models\FKS.Core.Models.csproj", "{CE54B6DA-21F2-434F-8309-9870333D4680}"
EndProject
Project("{FAE04EC0-301F-11D3-BF4B-00C04F79EFBC}") = "FKS.Core.Data", "Core\FKS.Core.Data\FKS.Core.Data.csproj", "{F096BF67-7D81-4866-8D9B-968D89ABE247}"
EndProject
Project("{FAE04EC0-301F-11D3-BF4B-00C04F79EFBC}") = "FKS.Core", "Core\FKS.Core\FKS.Core.csproj", "{74F7EDE2-5576-48ED-ACD6-18BAA50A299D}"
EndProject
Project("{FAE04EC0-301F-11D3-BF4B-00C04F79EFBC}") = "FKS.Site.Models", "Application\FKS.Site.Models\FKS.Site.Models.csproj", "{9D997A8F-1012-4E73-947B-71C30882ECDC}"
EndProject
Project("{FAE04EC0-301F-11D3-BF4B-00C04F79EFBC}") = "FKS.Site.Web.Controllers", "Presentation\FKS.Site.Controllers\FKS.Site.Web.Controllers.csproj", "{A772D855-6964-4E01-A371-FF6E2FAD0847}"
EndProject
Project("{FAE04EC0-301F-11D3-BF4B-00C04F79EFBC}") = "FKS.Site.Web", "Presentation\FKS.Site.Web\FKS.Site.Web.csproj", "{C3D0E836-A873-40CD-B80E-C504315AB03D}"
EndProject
Project("{FAE04EC0-301F-11D3-BF4B-00C04F79EFBC}") = "FKS.Site", "Application\FKS.Site\FKS.Site.csproj", "{28064656-33A1-4AC0-B27D-046112D4DA55}"
EndProject
Global
	GlobalSection(SolutionConfigurationPlatforms) = preSolution
		Debug|Any CPU = Debug|Any CPU
		Release|Any CPU = Release|Any CPU
	EndGlobalSection
	GlobalSection(ProjectConfigurationPlatforms) = postSolution
		{01D263C6-97D8-496F-9E95-CA338F597747}.Debug|Any CPU.ActiveCfg = Debug|Any CPU
		{01D263C6-97D8-496F-9E95-CA338F597747}.Debug|Any CPU.Build.0 = Debug|Any CPU
		{01D263C6-97D8-496F-9E95-CA338F597747}.Release|Any CPU.ActiveCfg = Release|Any CPU
		{01D263C6-97D8-496F-9E95-CA338F597747}.Release|Any CPU.Build.0 = Release|Any CPU
		{A6DFE374-FD47-482A-B733-852C6D840D34}.Debug|Any CPU.ActiveCfg = Debug|Any CPU
		{A6DFE374-FD47-482A-B733-852C6D840D34}.Debug|Any CPU.Build.0 = Debug|Any CPU
		{A6DFE374-FD47-482A-B733-852C6D840D34}.Release|Any CPU.ActiveCfg = Release|Any CPU
		{A6DFE374-FD47-482A-B733-852C6D840D34}.Release|Any CPU.Build.0 = Release|Any CPU
		{CE54B6DA-21F2-434F-8309-9870333D4680}.Debug|Any CPU.ActiveCfg = Debug|Any CPU
		{CE54B6DA-21F2-434F-8309-9870333D4680}.Debug|Any CPU.Build.0 = Debug|Any CPU
		{CE54B6DA-21F2-434F-8309-9870333D4680}.Release|Any CPU.ActiveCfg = Release|Any CPU
		{CE54B6DA-21F2-434F-8309-9870333D4680}.Release|Any CPU.Build.0 = Release|Any CPU
		{F096BF67-7D81-4866-8D9B-968D89ABE247}.Debug|Any CPU.ActiveCfg = Debug|Any CPU
		{F096BF67-7D81-4866-8D9B-968D89ABE247}.Debug|Any CPU.Build.0 = Debug|Any CPU
		{F096BF67-7D81-4866-8D9B-968D89ABE247}.Release|Any CPU.ActiveCfg = Release|Any CPU
		{F096BF67-7D81-4866-8D9B-968D89ABE247}.Release|Any CPU.Build.0 = Release|Any CPU
		{74F7EDE2-5576-48ED-ACD6-18BAA50A299D}.Debug|Any CPU.ActiveCfg = Debug|Any CPU
		{74F7EDE2-5576-48ED-ACD6-18BAA50A299D}.Debug|Any CPU.Build.0 = Debug|Any CPU
		{74F7EDE2-5576-48ED-ACD6-18BAA50A299D}.Release|Any CPU.ActiveCfg = Release|Any CPU
		{74F7EDE2-5576-48ED-ACD6-18BAA50A299D}.Release|Any CPU.Build.0 = Release|Any CPU
		{9D997A8F-1012-4E73-947B-71C30882ECDC}.Debug|Any CPU.ActiveCfg = Debug|Any CPU
		{9D997A8F-1012-4E73-947B-71C30882ECDC}.Debug|Any CPU.Build.0 = Debug|Any CPU
		{9D997A8F-1012-4E73-947B-71C30882ECDC}.Release|Any CPU.ActiveCfg = Release|Any CPU
		{9D997A8F-1012-4E73-947B-71C30882ECDC}.Release|Any CPU.Build.0 = Release|Any CPU
		{A772D855-6964-4E01-A371-FF6E2FAD0847}.Debug|Any CPU.ActiveCfg = Debug|Any CPU
		{A772D855-6964-4E01-A371-FF6E2FAD0847}.Debug|Any CPU.Build.0 = Debug|Any CPU
		{A772D855-6964-4E01-A371-FF6E2FAD0847}.Release|Any CPU.ActiveCfg = Release|Any CPU
		{A772D855-6964-4E01-A371-FF6E2FAD0847}.Release|Any CPU.Build.0 = Release|Any CPU
		{C3D0E836-A873-40CD-B80E-C504315AB03D}.Debug|Any CPU.ActiveCfg = Debug|Any CPU
		{C3D0E836-A873-40CD-B80E-C504315AB03D}.Debug|Any CPU.Build.0 = Debug|Any CPU
		{C3D0E836-A873-40CD-B80E-C504315AB03D}.Release|Any CPU.ActiveCfg = Release|Any CPU
		{C3D0E836-A873-40CD-B80E-C504315AB03D}.Release|Any CPU.Build.0 = Release|Any CPU
		{28064656-33A1-4AC0-B27D-046112D4DA55}.Debug|Any CPU.ActiveCfg = Debug|Any CPU
		{28064656-33A1-4AC0-B27D-046112D4DA55}.Debug|Any CPU.Build.0 = Debug|Any CPU
		{28064656-33A1-4AC0-B27D-046112D4DA55}.Release|Any CPU.ActiveCfg = Release|Any CPU
		{28064656-33A1-4AC0-B27D-046112D4DA55}.Release|Any CPU.Build.0 = Release|Any CPU
	EndGlobalSection
	GlobalSection(SolutionProperties) = preSolution
		HideSolutionNode = FALSE
	EndGlobalSection
	GlobalSection(NestedProjects) = preSolution
		{01D263C6-97D8-496F-9E95-CA338F597747} = {A245627E-5410-47FD-8825-429D051D5F91}
		{A6DFE374-FD47-482A-B733-852C6D840D34} = {A245627E-5410-47FD-8825-429D051D5F91}
		{CE54B6DA-21F2-434F-8309-9870333D4680} = {A264DBFC-82DA-4E6F-83DE-8CD8862808AF}
		{F096BF67-7D81-4866-8D9B-968D89ABE247} = {A264DBFC-82DA-4E6F-83DE-8CD8862808AF}
		{74F7EDE2-5576-48ED-ACD6-18BAA50A299D} = {A264DBFC-82DA-4E6F-83DE-8CD8862808AF}
		{9D997A8F-1012-4E73-947B-71C30882ECDC} = {155838B4-4C75-4609-810B-DCC4BBBEB835}
		{28064656-33A1-4AC0-B27D-046112D4DA55} = {155838B4-4C75-4609-810B-DCC4BBBEB835}
		{A772D855-6964-4E01-A371-FF6E2FAD0847} = {0FB5C317-97A2-4F36-881A-5631C92B21B9}
		{C3D0E836-A873-40CD-B80E-C504315AB03D} = {0FB5C317-97A2-4F36-881A-5631C92B21B9}
	EndGlobalSection
EndGlobal
